
Microsoft Visual Studio Solution File, Format Version 12.00
# Visual Studio Version 17
VisualStudioVersion = 17.12.35728.132
MinimumVisualStudioVersion = 10.0.40219.1
Project("{FAE04EC0-301F-11D3-BF4B-00C04F79EFBC}") = "WindowsApp", "WindowsApp\WindowsApp.csproj", "{C49730BD-AEC7-4596-9518-9D3E5A58EC42}"
EndProject
Project("{FAE04EC0-301F-11D3-BF4B-00C04F79EFBC}") = "MiPrimerConsola", "MiPrimerConsola\MiPrimerConsola.csproj", "{4DE29768-AE09-4817-9960-676EC3E3F28A}"
EndProject
Global
	GlobalSection(SolutionConfigurationPlatforms) = preSolution
		Debug|Any CPU = Debug|Any CPU
		Release|Any CPU = Release|Any CPU
	EndGlobalSection
	GlobalSection(ProjectConfigurationPlatforms) = postSolution
		{C49730BD-AEC7-4596-9518-9D3E5A58EC42}.Debug|Any CPU.ActiveCfg = Debug|Any CPU
		{C49730BD-AEC7-4596-9518-9D3E5A58EC42}.Debug|Any CPU.Build.0 = Debug|Any CPU
		{C49730BD-AEC7-4596-9518-9D3E5A58EC42}.Release|Any CPU.ActiveCfg = Release|Any CPU
		{C49730BD-AEC7-4596-9518-9D3E5A58EC42}.Release|Any CPU.Build.0 = Release|Any CPU
		{4DE29768-AE09-4817-9960-676EC3E3F28A}.Debug|Any CPU.ActiveCfg = Debug|Any CPU
		{4DE29768-AE09-4817-9960-676EC3E3F28A}.Debug|Any CPU.Build.0 = Debug|Any CPU
		{4DE29768-AE09-4817-9960-676EC3E3F28A}.Release|Any CPU.ActiveCfg = Release|Any CPU
		{4DE29768-AE09-4817-9960-676EC3E3F28A}.Release|Any CPU.Build.0 = Release|Any CPU
	EndGlobalSection
	GlobalSection(SolutionProperties) = preSolution
		HideSolutionNode = FALSE
	EndGlobalSection
EndGlobal
